
Microsoft Visual Studio Solution File, Format Version 12.00
# Visual Studio 15
VisualStudioVersion = 15.0.28307.168
MinimumVisualStudioVersion = 10.0.40219.1
Project("{FAE04EC0-301F-11D3-BF4B-00C04F79EFBC}") = "LibraryWebApp", "LibraryWebApp\LibraryWebApp.csproj", "{7BE85BF6-9C9F-44A6-8A60-021FBC200B6B}"
EndProject
Project("{FAE04EC0-301F-11D3-BF4B-00C04F79EFBC}") = "LibraryWebApp.Models", "LibraryWebApp.Models\LibraryWebApp.Models.csproj", "{6793F487-980A-475D-9ACD-E3D55FD316C8}"
EndProject
Project("{FAE04EC0-301F-11D3-BF4B-00C04F79EFBC}") = "LibraryWebApp.Interfaces", "LibraryWebApp.Interfaces\LibraryWebApp.Interfaces.csproj", "{2CF5BF86-1E28-44F4-9AF0-EB29F77EBC46}"
EndProject
Project("{FAE04EC0-301F-11D3-BF4B-00C04F79EFBC}") = "LibraryWebApp.BusinessLogic", "LibraryWebApp.BusinessLogic\LibraryWebApp.BusinessLogic.csproj", "{9198F7F7-3A80-4EEA-937E-0E9B1532528F}"
EndProject
Project("{FAE04EC0-301F-11D3-BF4B-00C04F79EFBC}") = "LibraryWebApp.DataAccess", "LibraryWebApp.DataAccess\LibraryWebApp.DataAccess.csproj", "{B802E074-CA4D-4C57-BBEB-BAC48873A31A}"
EndProject
Global
	GlobalSection(SolutionConfigurationPlatforms) = preSolution
		Debug|Any CPU = Debug|Any CPU
		Release|Any CPU = Release|Any CPU
	EndGlobalSection
	GlobalSection(ProjectConfigurationPlatforms) = postSolution
		{7BE85BF6-9C9F-44A6-8A60-021FBC200B6B}.Debug|Any CPU.ActiveCfg = Debug|Any CPU
		{7BE85BF6-9C9F-44A6-8A60-021FBC200B6B}.Debug|Any CPU.Build.0 = Debug|Any CPU
		{7BE85BF6-9C9F-44A6-8A60-021FBC200B6B}.Release|Any CPU.ActiveCfg = Release|Any CPU
		{7BE85BF6-9C9F-44A6-8A60-021FBC200B6B}.Release|Any CPU.Build.0 = Release|Any CPU
		{6793F487-980A-475D-9ACD-E3D55FD316C8}.Debug|Any CPU.ActiveCfg = Debug|Any CPU
		{6793F487-980A-475D-9ACD-E3D55FD316C8}.Debug|Any CPU.Build.0 = Debug|Any CPU
		{6793F487-980A-475D-9ACD-E3D55FD316C8}.Release|Any CPU.ActiveCfg = Release|Any CPU
		{6793F487-980A-475D-9ACD-E3D55FD316C8}.Release|Any CPU.Build.0 = Release|Any CPU
		{2CF5BF86-1E28-44F4-9AF0-EB29F77EBC46}.Debug|Any CPU.ActiveCfg = Debug|Any CPU
		{2CF5BF86-1E28-44F4-9AF0-EB29F77EBC46}.Debug|Any CPU.Build.0 = Debug|Any CPU
		{2CF5BF86-1E28-44F4-9AF0-EB29F77EBC46}.Release|Any CPU.ActiveCfg = Release|Any CPU
		{2CF5BF86-1E28-44F4-9AF0-EB29F77EBC46}.Release|Any CPU.Build.0 = Release|Any CPU
		{9198F7F7-3A80-4EEA-937E-0E9B1532528F}.Debug|Any CPU.ActiveCfg = Debug|Any CPU
		{9198F7F7-3A80-4EEA-937E-0E9B1532528F}.Debug|Any CPU.Build.0 = Debug|Any CPU
		{9198F7F7-3A80-4EEA-937E-0E9B1532528F}.Release|Any CPU.ActiveCfg = Release|Any CPU
		{9198F7F7-3A80-4EEA-937E-0E9B1532528F}.Release|Any CPU.Build.0 = Release|Any CPU
		{B802E074-CA4D-4C57-BBEB-BAC48873A31A}.Debug|Any CPU.ActiveCfg = Debug|Any CPU
		{B802E074-CA4D-4C57-BBEB-BAC48873A31A}.Debug|Any CPU.Build.0 = Debug|Any CPU
		{B802E074-CA4D-4C57-BBEB-BAC48873A31A}.Release|Any CPU.ActiveCfg = Release|Any CPU
		{B802E074-CA4D-4C57-BBEB-BAC48873A31A}.Release|Any CPU.Build.0 = Release|Any CPU
	EndGlobalSection
	GlobalSection(SolutionProperties) = preSolution
		HideSolutionNode = FALSE
	EndGlobalSection
	GlobalSection(ExtensibilityGlobals) = postSolution
		SolutionGuid = {72CC6687-495E-4665-A6EF-1CD922657D18}
	EndGlobalSection
EndGlobal
